
Microsoft Visual Studio Solution File, Format Version 12.00
# Visual Studio 15
VisualStudioVersion = 15.0.27703.2018
MinimumVisualStudioVersion = 10.0.40219.1
Project("{FAE04EC0-301F-11D3-BF4B-00C04F79EFBC}") = "QuizzAPI", "QuizzAPI\QuizzAPI.csproj", "{FE08E410-862C-44D2-A238-0D749B0079AD}"
EndProject
Global
	GlobalSection(SolutionConfigurationPlatforms) = preSolution
		Debug|Any CPU = Debug|Any CPU
		Release|Any CPU = Release|Any CPU
	EndGlobalSection
	GlobalSection(ProjectConfigurationPlatforms) = postSolution
		{FE08E410-862C-44D2-A238-0D749B0079AD}.Debug|Any CPU.ActiveCfg = Debug|Any CPU
		{FE08E410-862C-44D2-A238-0D749B0079AD}.Debug|Any CPU.Build.0 = Debug|Any CPU
		{FE08E410-862C-44D2-A238-0D749B0079AD}.Release|Any CPU.ActiveCfg = Release|Any CPU
		{FE08E410-862C-44D2-A238-0D749B0079AD}.Release|Any CPU.Build.0 = Release|Any CPU
	EndGlobalSection
	GlobalSection(SolutionProperties) = preSolution
		HideSolutionNode = FALSE
	EndGlobalSection
	GlobalSection(ExtensibilityGlobals) = postSolution
		SolutionGuid = {19468951-C418-484A-8654-450EF6244DD3}
	EndGlobalSection
EndGlobal
